
Microsoft Visual Studio Solution File, Format Version 12.00
# Visual Studio Version 17
VisualStudioVersion = 17.4.33213.308
MinimumVisualStudioVersion = 10.0.40219.1
Project("{8BC9CEB8-8B4A-11D0-8D11-00A0C91BC942}") = "esame_10.01.19", "esame_10.01.19.vcxproj", "{FF53E5A8-EC75-4C91-9F19-2B76E15EDF01}"
EndProject
Global
	GlobalSection(SolutionConfigurationPlatforms) = preSolution
		Debug|x64 = Debug|x64
		Debug|x86 = Debug|x86
		Release|x64 = Release|x64
		Release|x86 = Release|x86
	EndGlobalSection
	GlobalSection(ProjectConfigurationPlatforms) = postSolution
		{FF53E5A8-EC75-4C91-9F19-2B76E15EDF01}.Debug|x64.ActiveCfg = Debug|x64
		{FF53E5A8-EC75-4C91-9F19-2B76E15EDF01}.Debug|x64.Build.0 = Debug|x64
		{FF53E5A8-EC75-4C91-9F19-2B76E15EDF01}.Debug|x86.ActiveCfg = Debug|Win32
		{FF53E5A8-EC75-4C91-9F19-2B76E15EDF01}.Debug|x86.Build.0 = Debug|Win32
		{FF53E5A8-EC75-4C91-9F19-2B76E15EDF01}.Release|x64.ActiveCfg = Release|x64
		{FF53E5A8-EC75-4C91-9F19-2B76E15EDF01}.Release|x64.Build.0 = Release|x64
		{FF53E5A8-EC75-4C91-9F19-2B76E15EDF01}.Release|x86.ActiveCfg = Release|Win32
		{FF53E5A8-EC75-4C91-9F19-2B76E15EDF01}.Release|x86.Build.0 = Release|Win32
	EndGlobalSection
	GlobalSection(SolutionProperties) = preSolution
		HideSolutionNode = FALSE
	EndGlobalSection
	GlobalSection(ExtensibilityGlobals) = postSolution
		SolutionGuid = {2C809AF9-7C99-4F0B-9FE9-86AF974FE575}
	EndGlobalSection
EndGlobal
